
Microsoft Visual Studio Solution File, Format Version 12.00
# Visual Studio Version 17
VisualStudioVersion = 17.5.33424.131
MinimumVisualStudioVersion = 10.0.40219.1
Project("{FAE04EC0-301F-11D3-BF4B-00C04F79EFBC}") = "IscaIncidencia.UWP", "IscaIncidencia\IscaIncidencia.UWP\IscaIncidencia.UWP.csproj", "{2A80129C-195E-4005-BA89-A034C9CD2964}"
EndProject
Project("{FAE04EC0-301F-11D3-BF4B-00C04F79EFBC}") = "IscaIncidencia.Android", "IscaIncidencia\IscaIncidencia.Android\IscaIncidencia.Android.csproj", "{8BA49886-C2E6-4B92-A8A9-34B93B46D91A}"
EndProject
Project("{FAE04EC0-301F-11D3-BF4B-00C04F79EFBC}") = "IscaIncidencia.iOS", "IscaIncidencia\IscaIncidencia.iOS\IscaIncidencia.iOS.csproj", "{4379D306-02ED-412F-8832-6AED21E036EB}"
EndProject
Project("{FAE04EC0-301F-11D3-BF4B-00C04F79EFBC}") = "IscaIncidencia", "IscaIncidencia\IscaIncidencia\IscaIncidencia.csproj", "{9B7AAA18-D60A-47B4-AD96-23A0DD7E005C}"
EndProject
Global
	GlobalSection(SolutionConfigurationPlatforms) = preSolution
		Debug|Any CPU = Debug|Any CPU
		Debug|ARM = Debug|ARM
		Debug|iPhone = Debug|iPhone
		Debug|iPhoneSimulator = Debug|iPhoneSimulator
		Debug|x64 = Debug|x64
		Debug|x86 = Debug|x86
		Release|Any CPU = Release|Any CPU
		Release|ARM = Release|ARM
		Release|iPhone = Release|iPhone
		Release|iPhoneSimulator = Release|iPhoneSimulator
		Release|x64 = Release|x64
		Release|x86 = Release|x86
	EndGlobalSection
	GlobalSection(ProjectConfigurationPlatforms) = postSolution
		{2A80129C-195E-4005-BA89-A034C9CD2964}.Debug|Any CPU.ActiveCfg = Debug|x64
		{2A80129C-195E-4005-BA89-A034C9CD2964}.Debug|Any CPU.Build.0 = Debug|x64
		{2A80129C-195E-4005-BA89-A034C9CD2964}.Debug|Any CPU.Deploy.0 = Debug|x64
		{2A80129C-195E-4005-BA89-A034C9CD2964}.Debug|ARM.ActiveCfg = Debug|ARM
		{2A80129C-195E-4005-BA89-A034C9CD2964}.Debug|ARM.Build.0 = Debug|ARM
		{2A80129C-195E-4005-BA89-A034C9CD2964}.Debug|ARM.Deploy.0 = Debug|ARM
		{2A80129C-195E-4005-BA89-A034C9CD2964}.Debug|iPhone.ActiveCfg = Debug|x64
		{2A80129C-195E-4005-BA89-A034C9CD2964}.Debug|iPhone.Build.0 = Debug|x64
		{2A80129C-195E-4005-BA89-A034C9CD2964}.Debug|iPhone.Deploy.0 = Debug|x64
		{2A80129C-195E-4005-BA89-A034C9CD2964}.Debug|iPhoneSimulator.ActiveCfg = Debug|x64
		{2A80129C-195E-4005-BA89-A034C9CD2964}.Debug|iPhoneSimulator.Build.0 = Debug|x64
		{2A80129C-195E-4005-BA89-A034C9CD2964}.Debug|iPhoneSimulator.Deploy.0 = Debug|x64
		{2A80129C-195E-4005-BA89-A034C9CD2964}.Debug|x64.ActiveCfg = Debug|x64
		{2A80129C-195E-4005-BA89-A034C9CD2964}.Debug|x64.Build.0 = Debug|x64
		{2A80129C-195E-4005-BA89-A034C9CD2964}.Debug|x64.Deploy.0 = Debug|x64
		{2A80129C-195E-4005-BA89-A034C9CD2964}.Debug|x86.ActiveCfg = Debug|x86
		{2A80129C-195E-4005-BA89-A034C9CD2964}.Debug|x86.Build.0 = Debug|x86
		{2A80129C-195E-4005-BA89-A034C9CD2964}.Debug|x86.Deploy.0 = Debug|x86
		{2A80129C-195E-4005-BA89-A034C9CD2964}.Release|Any CPU.ActiveCfg = Release|x64
		{2A80129C-195E-4005-BA89-A034C9CD2964}.Release|Any CPU.Build.0 = Release|x64
		{2A80129C-195E-4005-BA89-A034C9CD2964}.Release|Any CPU.Deploy.0 = Release|x64
		{2A80129C-195E-4005-BA89-A034C9CD2964}.Release|ARM.ActiveCfg = Release|ARM
		{2A80129C-195E-4005-BA89-A034C9CD2964}.Release|ARM.Build.0 = Release|ARM
		{2A80129C-195E-4005-BA89-A034C9CD2964}.Release|ARM.Deploy.0 = Release|ARM
		{2A80129C-195E-4005-BA89-A034C9CD2964}.Release|iPhone.ActiveCfg = Release|x64
		{2A80129C-195E-4005-BA89-A034C9CD2964}.Release|iPhone.Build.0 = Release|x64
		{2A80129C-195E-4005-BA89-A034C9CD2964}.Release|iPhone.Deploy.0 = Release|x64
		{2A80129C-195E-4005-BA89-A034C9CD2964}.Release|iPhoneSimulator.ActiveCfg = Release|x64
		{2A80129C-195E-4005-BA89-A034C9CD2964}.Release|iPhoneSimulator.Build.0 = Release|x64
		{2A80129C-195E-4005-BA89-A034C9CD2964}.Release|iPhoneSimulator.Deploy.0 = Release|x64
		{2A80129C-195E-4005-BA89-A034C9CD2964}.Release|x64.ActiveCfg = Release|x64
		{2A80129C-195E-4005-BA89-A034C9CD2964}.Release|x64.Build.0 = Release|x64
		{2A80129C-195E-4005-BA89-A034C9CD2964}.Release|x64.Deploy.0 = Release|x64
		{2A80129C-195E-4005-BA89-A034C9CD2964}.Release|x86.ActiveCfg = Release|x86
		{2A80129C-195E-4005-BA89-A034C9CD2964}.Release|x86.Build.0 = Release|x86
		{2A80129C-195E-4005-BA89-A034C9CD2964}.Release|x86.Deploy.0 = Release|x86
		{8BA49886-C2E6-4B92-A8A9-34B93B46D91A}.Debug|Any CPU.ActiveCfg = Debug|Any CPU
		{8BA49886-C2E6-4B92-A8A9-34B93B46D91A}.Debug|Any CPU.Build.0 = Debug|Any CPU
		{8BA49886-C2E6-4B92-A8A9-34B93B46D91A}.Debug|Any CPU.Deploy.0 = Debug|Any CPU
		{8BA49886-C2E6-4B92-A8A9-34B93B46D91A}.Debug|ARM.ActiveCfg = Debug|Any CPU
		{8BA49886-C2E6-4B92-A8A9-34B93B46D91A}.Debug|ARM.Build.0 = Debug|Any CPU
		{8BA49886-C2E6-4B92-A8A9-34B93B46D91A}.Debug|ARM.Deploy.0 = Debug|Any CPU
		{8BA49886-C2E6-4B92-A8A9-34B93B46D91A}.Debug|iPhone.ActiveCfg = Debug|Any CPU
		{8BA49886-C2E6-4B92-A8A9-34B93B46D91A}.Debug|iPhone.Build.0 = Debug|Any CPU
		{8BA49886-C2E6-4B92-A8A9-34B93B46D91A}.Debug|iPhone.Deploy.0 = Debug|Any CPU
		{8BA49886-C2E6-4B92-A8A9-34B93B46D91A}.Debug|iPhoneSimulator.ActiveCfg = Debug|Any CPU
		{8BA49886-C2E6-4B92-A8A9-34B93B46D91A}.Debug|iPhoneSimulator.Build.0 = Debug|Any CPU
		{8BA49886-C2E6-4B92-A8A9-34B93B46D91A}.Debug|iPhoneSimulator.Deploy.0 = Debug|Any CPU
		{8BA49886-C2E6-4B92-A8A9-34B93B46D91A}.Debug|x64.ActiveCfg = Debug|Any CPU
		{8BA49886-C2E6-4B92-A8A9-34B93B46D91A}.Debug|x64.Build.0 = Debug|Any CPU
		{8BA49886-C2E6-4B92-A8A9-34B93B46D91A}.Debug|x64.Deploy.0 = Debug|Any CPU
		{8BA49886-C2E6-4B92-A8A9-34B93B46D91A}.Debug|x86.ActiveCfg = Debug|Any CPU
		{8BA49886-C2E6-4B92-A8A9-34B93B46D91A}.Debug|x86.Build.0 = Debug|Any CPU
		{8BA49886-C2E6-4B92-A8A9-34B93B46D91A}.Debug|x86.Deploy.0 = Debug|Any CPU
		{8BA49886-C2E6-4B92-A8A9-34B93B46D91A}.Release|Any CPU.ActiveCfg = Release|Any CPU
		{8BA49886-C2E6-4B92-A8A9-34B93B46D91A}.Release|Any CPU.Build.0 = Release|Any CPU
		{8BA49886-C2E6-4B92-A8A9-34B93B46D91A}.Release|Any CPU.Deploy.0 = Release|Any CPU
		{8BA49886-C2E6-4B92-A8A9-34B93B46D91A}.Release|ARM.ActiveCfg = Release|Any CPU
		{8BA49886-C2E6-4B92-A8A9-34B93B46D91A}.Release|ARM.Build.0 = Release|Any CPU
		{8BA49886-C2E6-4B92-A8A9-34B93B46D91A}.Release|ARM.Deploy.0 = Release|Any CPU
		{8BA49886-C2E6-4B92-A8A9-34B93B46D91A}.Release|iPhone.ActiveCfg = Release|Any CPU
		{8BA49886-C2E6-4B92-A8A9-34B93B46D91A}.Release|iPhone.Build.0 = Release|Any CPU
		{8BA49886-C2E6-4B92-A8A9-34B93B46D91A}.Release|iPhone.Deploy.0 = Release|Any CPU
		{8BA49886-C2E6-4B92-A8A9-34B93B46D91A}.Release|iPhoneSimulator.ActiveCfg = Release|Any CPU
		{8BA49886-C2E6-4B92-A8A9-34B93B46D91A}.Release|iPhoneSimulator.Build.0 = Release|Any CPU
		{8BA49886-C2E6-4B92-A8A9-34B93B46D91A}.Release|iPhoneSimulator.Deploy.0 = Release|Any CPU
		{8BA49886-C2E6-4B92-A8A9-34B93B46D91A}.Release|x64.ActiveCfg = Release|Any CPU
		{8BA49886-C2E6-4B92-A8A9-34B93B46D91A}.Release|x64.Build.0 = Release|Any CPU
		{8BA49886-C2E6-4B92-A8A9-34B93B46D91A}.Release|x64.Deploy.0 = Release|Any CPU
		{8BA49886-C2E6-4B92-A8A9-34B93B46D91A}.Release|x86.ActiveCfg = Release|Any CPU
		{8BA49886-C2E6-4B92-A8A9-34B93B46D91A}.Release|x86.Build.0 = Release|Any CPU
		{8BA49886-C2E6-4B92-A8A9-34B93B46D91A}.Release|x86.Deploy.0 = Release|Any CPU
		{4379D306-02ED-412F-8832-6AED21E036EB}.Debug|Any CPU.ActiveCfg = Debug|iPhoneSimulator
		{4379D306-02ED-412F-8832-6AED21E036EB}.Debug|Any CPU.Build.0 = Debug|iPhoneSimulator
		{4379D306-02ED-412F-8832-6AED21E036EB}.Debug|Any CPU.Deploy.0 = Debug|iPhoneSimulator
		{4379D306-02ED-412F-8832-6AED21E036EB}.Debug|ARM.ActiveCfg = Debug|iPhoneSimulator
		{4379D306-02ED-412F-8832-6AED21E036EB}.Debug|ARM.Build.0 = Debug|iPhoneSimulator
		{4379D306-02ED-412F-8832-6AED21E036EB}.Debug|ARM.Deploy.0 = Debug|iPhoneSimulator
		{4379D306-02ED-412F-8832-6AED21E036EB}.Debug|iPhone.ActiveCfg = Debug|iPhone
		{4379D306-02ED-412F-8832-6AED21E036EB}.Debug|iPhone.Build.0 = Debug|iPhone
		{4379D306-02ED-412F-8832-6AED21E036EB}.Debug|iPhone.Deploy.0 = Debug|iPhone
		{4379D306-02ED-412F-8832-6AED21E036EB}.Debug|iPhoneSimulator.ActiveCfg = Debug|iPhoneSimulator
		{4379D306-02ED-412F-8832-6AED21E036EB}.Debug|iPhoneSimulator.Build.0 = Debug|iPhoneSimulator
		{4379D306-02ED-412F-8832-6AED21E036EB}.Debug|iPhoneSimulator.Deploy.0 = Debug|iPhoneSimulator
		{4379D306-02ED-412F-8832-6AED21E036EB}.Debug|x64.ActiveCfg = Debug|iPhone
		{4379D306-02ED-412F-8832-6AED21E036EB}.Debug|x64.Build.0 = Debug|iPhone
		{4379D306-02ED-412F-8832-6AED21E036EB}.Debug|x64.Deploy.0 = Debug|iPhone
		{4379D306-02ED-412F-8832-6AED21E036EB}.Debug|x86.ActiveCfg = Debug|iPhoneSimulator
		{4379D306-02ED-412F-8832-6AED21E036EB}.Debug|x86.Build.0 = Debug|iPhoneSimulator
		{4379D306-02ED-412F-8832-6AED21E036EB}.Debug|x86.Deploy.0 = Debug|iPhoneSimulator
		{4379D306-02ED-412F-8832-6AED21E036EB}.Release|Any CPU.ActiveCfg = Release|iPhoneSimulator
		{4379D306-02ED-412F-8832-6AED21E036EB}.Release|Any CPU.Build.0 = Release|iPhoneSimulator
		{4379D306-02ED-412F-8832-6AED21E036EB}.Release|Any CPU.Deploy.0 = Release|iPhoneSimulator
		{4379D306-02ED-412F-8832-6AED21E036EB}.Release|ARM.ActiveCfg = Release|iPhoneSimulator
		{4379D306-02ED-412F-8832-6AED21E036EB}.Release|ARM.Build.0 = Release|iPhoneSimulator
		{4379D306-02ED-412F-8832-6AED21E036EB}.Release|ARM.Deploy.0 = Release|iPhoneSimulator
		{4379D306-02ED-412F-8832-6AED21E036EB}.Release|iPhone.ActiveCfg = Release|iPhone
		{4379D306-02ED-412F-8832-6AED21E036EB}.Release|iPhone.Build.0 = Release|iPhone
		{4379D306-02ED-412F-8832-6AED21E036EB}.Release|iPhone.Deploy.0 = Release|iPhone
		{4379D306-02ED-412F-8832-6AED21E036EB}.Release|iPhoneSimulator.ActiveCfg = Release|iPhoneSimulator
		{4379D306-02ED-412F-8832-6AED21E036EB}.Release|iPhoneSimulator.Build.0 = Release|iPhoneSimulator
		{4379D306-02ED-412F-8832-6AED21E036EB}.Release|iPhoneSimulator.Deploy.0 = Release|iPhoneSimulator
		{4379D306-02ED-412F-8832-6AED21E036EB}.Release|x64.ActiveCfg = Release|iPhoneSimulator
		{4379D306-02ED-412F-8832-6AED21E036EB}.Release|x64.Build.0 = Release|iPhoneSimulator
		{4379D306-02ED-412F-8832-6AED21E036EB}.Release|x64.Deploy.0 = Release|iPhoneSimulator
		{4379D306-02ED-412F-8832-6AED21E036EB}.Release|x86.ActiveCfg = Release|iPhoneSimulator
		{4379D306-02ED-412F-8832-6AED21E036EB}.Release|x86.Build.0 = Release|iPhoneSimulator
		{4379D306-02ED-412F-8832-6AED21E036EB}.Release|x86.Deploy.0 = Release|iPhoneSimulator
		{9B7AAA18-D60A-47B4-AD96-23A0DD7E005C}.Debug|Any CPU.ActiveCfg = Debug|Any CPU
		{9B7AAA18-D60A-47B4-AD96-23A0DD7E005C}.Debug|Any CPU.Build.0 = Debug|Any CPU
		{9B7AAA18-D60A-47B4-AD96-23A0DD7E005C}.Debug|Any CPU.Deploy.0 = Debug|Any CPU
		{9B7AAA18-D60A-47B4-AD96-23A0DD7E005C}.Debug|ARM.ActiveCfg = Debug|Any CPU
		{9B7AAA18-D60A-47B4-AD96-23A0DD7E005C}.Debug|ARM.Build.0 = Debug|Any CPU
		{9B7AAA18-D60A-47B4-AD96-23A0DD7E005C}.Debug|ARM.Deploy.0 = Debug|Any CPU
		{9B7AAA18-D60A-47B4-AD96-23A0DD7E005C}.Debug|iPhone.ActiveCfg = Debug|Any CPU
		{9B7AAA18-D60A-47B4-AD96-23A0DD7E005C}.Debug|iPhone.Build.0 = Debug|Any CPU
		{9B7AAA18-D60A-47B4-AD96-23A0DD7E005C}.Debug|iPhone.Deploy.0 = Debug|Any CPU
		{9B7AAA18-D60A-47B4-AD96-23A0DD7E005C}.Debug|iPhoneSimulator.ActiveCfg = Debug|Any CPU
		{9B7AAA18-D60A-47B4-AD96-23A0DD7E005C}.Debug|iPhoneSimulator.Build.0 = Debug|Any CPU
		{9B7AAA18-D60A-47B4-AD96-23A0DD7E005C}.Debug|iPhoneSimulator.Deploy.0 = Debug|Any CPU
		{9B7AAA18-D60A-47B4-AD96-23A0DD7E005C}.Debug|x64.ActiveCfg = Debug|Any CPU
		{9B7AAA18-D60A-47B4-AD96-23A0DD7E005C}.Debug|x64.Build.0 = Debug|Any CPU
		{9B7AAA18-D60A-47B4-AD96-23A0DD7E005C}.Debug|x64.Deploy.0 = Debug|Any CPU
		{9B7AAA18-D60A-47B4-AD96-23A0DD7E005C}.Debug|x86.ActiveCfg = Debug|Any CPU
		{9B7AAA18-D60A-47B4-AD96-23A0DD7E005C}.Debug|x86.Build.0 = Debug|Any CPU
		{9B7AAA18-D60A-47B4-AD96-23A0DD7E005C}.Debug|x86.Deploy.0 = Debug|Any CPU
		{9B7AAA18-D60A-47B4-AD96-23A0DD7E005C}.Release|Any CPU.ActiveCfg = Release|Any CPU
		{9B7AAA18-D60A-47B4-AD96-23A0DD7E005C}.Release|Any CPU.Build.0 = Release|Any CPU
		{9B7AAA18-D60A-47B4-AD96-23A0DD7E005C}.Release|Any CPU.Deploy.0 = Release|Any CPU
		{9B7AAA18-D60A-47B4-AD96-23A0DD7E005C}.Release|ARM.ActiveCfg = Release|Any CPU
		{9B7AAA18-D60A-47B4-AD96-23A0DD7E005C}.Release|ARM.Build.0 = Release|Any CPU
		{9B7AAA18-D60A-47B4-AD96-23A0DD7E005C}.Release|ARM.Deploy.0 = Release|Any CPU
		{9B7AAA18-D60A-47B4-AD96-23A0DD7E005C}.Release|iPhone.ActiveCfg = Release|Any CPU
		{9B7AAA18-D60A-47B4-AD96-23A0DD7E005C}.Release|iPhone.Build.0 = Release|Any CPU
		{9B7AAA18-D60A-47B4-AD96-23A0DD7E005C}.Release|iPhone.Deploy.0 = Release|Any CPU
		{9B7AAA18-D60A-47B4-AD96-23A0DD7E005C}.Release|iPhoneSimulator.ActiveCfg = Release|Any CPU
		{9B7AAA18-D60A-47B4-AD96-23A0DD7E005C}.Release|iPhoneSimulator.Build.0 = Release|Any CPU
		{9B7AAA18-D60A-47B4-AD96-23A0DD7E005C}.Release|iPhoneSimulator.Deploy.0 = Release|Any CPU
		{9B7AAA18-D60A-47B4-AD96-23A0DD7E005C}.Release|x64.ActiveCfg = Release|Any CPU
		{9B7AAA18-D60A-47B4-AD96-23A0DD7E005C}.Release|x64.Build.0 = Release|Any CPU
		{9B7AAA18-D60A-47B4-AD96-23A0DD7E005C}.Release|x64.Deploy.0 = Release|Any CPU
		{9B7AAA18-D60A-47B4-AD96-23A0DD7E005C}.Release|x86.ActiveCfg = Release|Any CPU
		{9B7AAA18-D60A-47B4-AD96-23A0DD7E005C}.Release|x86.Build.0 = Release|Any CPU
		{9B7AAA18-D60A-47B4-AD96-23A0DD7E005C}.Release|x86.Deploy.0 = Release|Any CPU
	EndGlobalSection
	GlobalSection(SolutionProperties) = preSolution
		HideSolutionNode = FALSE
	EndGlobalSection
	GlobalSection(ExtensibilityGlobals) = postSolution
		SolutionGuid = {897EE12A-B8F4-4E5F-AB98-5384DB47A0F9}
	EndGlobalSection
EndGlobal
